{
    "_readme": [
        "This file locks the dependencies of your project to a known state",
        "Read more about it at http://getcomposer.org/doc/01-basic-usage.md#composer-lock-the-lock-file"
    ],
    "hash": "699f22f3ea97b1c04fca27022a64d2c5",
    "packages": [
        {
            "name": "campaignmonitor/createsend-php",
            "version": "v3.1.3",
            "source": {
                "type": "git",
                "url": "https://github.com/campaignmonitor/createsend-php.git",
                "reference": "6e88f8d4917e4d282076ff79fe5d992e52b3d206"
            },
            "dist": {
                "type": "zip",
                "url": "https://api.github.com/repos/campaignmonitor/createsend-php/zipball/6e88f8d4917e4d282076ff79fe5d992e52b3d206",
                "reference": "6e88f8d4917e4d282076ff79fe5d992e52b3d206",
                "shasum": ""
            },
            "require": {
                "php": ">=5.3.0"
            },
            "require-dev": {
                "lastcraft/simpletest": "~1.1"
            },
            "type": "library",
            "autoload": {
                "classmap": [
                    "csrest_administrators.php",
                    "csrest_campaigns.php",
                    "csrest_clients.php",
                    "csrest_general.php",
                    "csrest_lists.php",
                    "csrest_people.php",
                    "csrest_segments.php",
                    "csrest_subscribers.php",
                    "csrest_templates.php"
                ]
            },
            "notification-url": "https://packagist.org/downloads/",
            "license": [
                "MIT"
            ],
            "authors": [
                {
                    "name": "Toby Brain",
                    "email": "tobio85@gmail.com",
                    "role": "Developer"
                }
            ],
            "description": "A php library which implements the complete functionality of the Campaign Monitor API.",
            "homepage": "http://campaignmonitor.github.io/createsend-php/",
            "keywords": [
                "api",
                "campaign",
                "monitor"
            ],
            "time": "2013-12-09 17:37:11"
        },
        {
            "name": "drewm/mailchimp-api",
            "version": "dev-master",
            "source": {
                "type": "git",
                "url": "https://github.com/drewm/mailchimp-api.git",
                "reference": "9fb7d07283adb4cc61ecfa1c8f03f296036e77d8"
            },
            "dist": {
                "type": "zip",
                "url": "https://api.github.com/repos/drewm/mailchimp-api/zipball/9fb7d07283adb4cc61ecfa1c8f03f296036e77d8",
                "reference": "9fb7d07283adb4cc61ecfa1c8f03f296036e77d8",
                "shasum": ""
            },
            "require": {
                "php": ">=5.3"
            },
            "type": "library",
            "autoload": {
                "psr-0": {
                    "Drewm": "src/"
                }
            },
            "notification-url": "https://packagist.org/downloads/",
            "license": [
                "MIT"
            ],
            "authors": [
                {
                    "name": "Drew McLellan",
                    "homepage": "http://allinthehead.com/"
                }
            ],
            "description": "Super-simple, minimum abstraction MailChimp API v2 wrapper",
            "homepage": "https://github.com/drewm/mailchimp-api",
            "time": "2014-01-05 11:47:25"
        },
        {
            "name": "patrickgalbraith/web2lead",
            "version": "dev-master",
            "source": {
                "type": "git",
                "url": "https://github.com/patrickgalbraith/web2lead.git",
                "reference": "09e85a21764cbee09eab4f9f4566bd6bd3f3e4bc"
            },
            "dist": {
                "type": "zip",
                "url": "https://api.github.com/repos/patrickgalbraith/web2lead/zipball/09e85a21764cbee09eab4f9f4566bd6bd3f3e4bc",
                "reference": "09e85a21764cbee09eab4f9f4566bd6bd3f3e4bc",
                "shasum": ""
            },
            "type": "library",
            "autoload": {
                "classmap": [
                    "lib"
                ]
            },
            "notification-url": "https://packagist.org/downloads/",
            "authors": [
                {
                    "name": "Felix Middendorf"
                },
                {
                    "name": "Patrick Galbraith"
                }
            ],
            "time": "2014-02-07 01:37:45"
        },
        {
            "name": "vlucas/valitron",
            "version": "dev-master",
            "source": {
                "type": "git",
                "url": "https://github.com/vlucas/valitron.git",
                "reference": "bad274391288563d427ede0a6c658388ded09480"
            },
            "dist": {
                "type": "zip",
                "url": "https://api.github.com/repos/vlucas/valitron/zipball/bad274391288563d427ede0a6c658388ded09480",
                "reference": "bad274391288563d427ede0a6c658388ded09480",
                "shasum": ""
            },
            "require": {
                "php": ">=5.3.2"
            },
            "type": "library",
            "autoload": {
                "psr-0": {
                    "Valitron": "src/"
                }
            },
            "notification-url": "https://packagist.org/downloads/",
            "license": [
                "BSD"
            ],
            "authors": [
                {
                    "name": "Vance Lucas",
                    "email": "vance@vancelucas.com",
                    "homepage": "http://www.vancelucas.com"
                }
            ],
            "description": "Simple, elegant, stand-alone validation library with NO dependencies",
            "homepage": "http://github.com/vlucas/valitron",
            "keywords": [
                "valid",
                "validation",
                "validator"
            ],
            "time": "2014-02-11 17:20:59"
        }
    ],
    "packages-dev": [

    ],
    "aliases": [

    ],
    "minimum-stability": "dev",
    "stability-flags": {
        "patrickgalbraith/web2lead": 20
    },
    "platform": [

    ],
    "platform-dev": [

    ]
}
