{
    "_readme": [
        "This file locks the dependencies of your project to a known state",
        "Read more about it at http://getcomposer.org/doc/01-basic-usage.md#composer-lock-the-lock-file"
    ],
    "hash": "98929680fc54d479e301371ffe805808",
    "packages": [
        {
            "name": "campaignmonitor/createsend-php",
            "version": "v3.1.2",
            "source": {
                "type": "git",
                "url": "https://github.com/campaignmonitor/createsend-php.git",
                "reference": "4e2e82208f1b171c3455e387ba4f6aa1fe746650"
            },
            "dist": {
                "type": "zip",
                "url": "https://api.github.com/repos/campaignmonitor/createsend-php/zipball/4e2e82208f1b171c3455e387ba4f6aa1fe746650",
                "reference": "4e2e82208f1b171c3455e387ba4f6aa1fe746650",
                "shasum": ""
            },
            "require": {
                "php": ">=5.3.0"
            },
            "require-dev": {
                "lastcraft/simpletest": "~1.1"
            },
            "type": "library",
            "autoload": {
                "classmap": [
                    "csrest_administrators.php",
                    "csrest_campaigns.php",
                    "csrest_clients.php",
                    "csrest_general.php",
                    "csrest_lists.php",
                    "csrest_people.php",
                    "csrest_segments.php",
                    "csrest_subscribers.php",
                    "csrest_templates.php"
                ]
            },
            "notification-url": "https://packagist.org/downloads/",
            "license": [
                "MIT"
            ],
            "authors": [
                {
                    "name": "Toby Brain",
                    "email": "tobio85@gmail.com",
                    "role": "Developer"
                }
            ],
            "description": "A php library which implements the complete functionality of the Campaign Monitor API.",
            "homepage": "http://campaignmonitor.github.io/createsend-php/",
            "keywords": [
                "api",
                "campaign",
                "monitor"
            ],
            "time": "2013-10-28 07:19:28"
        },
        {
            "name": "drewm/mailchimp-api",
            "version": "1.0.0",
            "source": {
                "type": "git",
                "url": "https://github.com/drewm/mailchimp-api",
                "reference": "8ba87f3579"
            },
            "type": "library"
        },
        {
            "name": "felixmiddendorf/web2lead",
            "version": "1.0.0",
            "source": {
                "type": "git",
                "url": "https://github.com/felixmiddendorf/web2lead",
                "reference": "eea046a299"
            },
            "type": "library"
        }
    ],
    "packages-dev": [

    ],
    "aliases": [

    ],
    "minimum-stability": "stable",
    "stability-flags": [

    ],
    "platform": [

    ],
    "platform-dev": [

    ]
}
